
Microsoft Visual Studio Solution File, Format Version 12.00
# Visual Studio Version 17
VisualStudioVersion = 17.8.34525.116
MinimumVisualStudioVersion = 10.0.40219.1
Project("{FAE04EC0-301F-11D3-BF4B-00C04F79EFBC}") = "task4", "task4\task4.csproj", "{C09A0279-34D3-4941-82A4-7344B7358745}"
EndProject
Global
	GlobalSection(SolutionConfigurationPlatforms) = preSolution
		Debug|Any CPU = Debug|Any CPU
		Release|Any CPU = Release|Any CPU
	EndGlobalSection
	GlobalSection(ProjectConfigurationPlatforms) = postSolution
		{C09A0279-34D3-4941-82A4-7344B7358745}.Debug|Any CPU.ActiveCfg = Debug|Any CPU
		{C09A0279-34D3-4941-82A4-7344B7358745}.Debug|Any CPU.Build.0 = Debug|Any CPU
		{C09A0279-34D3-4941-82A4-7344B7358745}.Release|Any CPU.ActiveCfg = Release|Any CPU
		{C09A0279-34D3-4941-82A4-7344B7358745}.Release|Any CPU.Build.0 = Release|Any CPU
	EndGlobalSection
	GlobalSection(SolutionProperties) = preSolution
		HideSolutionNode = FALSE
	EndGlobalSection
	GlobalSection(ExtensibilityGlobals) = postSolution
		SolutionGuid = {A6CBFB67-24F5-4DD8-A79C-0C87A458D6DB}
	EndGlobalSection
EndGlobal
